
Microsoft Visual Studio Solution File, Format Version 12.00
# Visual Studio Version 17
VisualStudioVersion = 17.13.35825.156 d17.13
MinimumVisualStudioVersion = 10.0.40219.1
Project("{8BC9CEB8-8B4A-11D0-8D11-00A0C91BC942}") = "코드12번", "코드12번\코드12번.vcxproj", "{7EC23E74-654D-479F-8EED-F419D4BCC236}"
EndProject
Global
	GlobalSection(SolutionConfigurationPlatforms) = preSolution
		Debug|x64 = Debug|x64
		Debug|x86 = Debug|x86
		Release|x64 = Release|x64
		Release|x86 = Release|x86
	EndGlobalSection
	GlobalSection(ProjectConfigurationPlatforms) = postSolution
		{7EC23E74-654D-479F-8EED-F419D4BCC236}.Debug|x64.ActiveCfg = Debug|x64
		{7EC23E74-654D-479F-8EED-F419D4BCC236}.Debug|x64.Build.0 = Debug|x64
		{7EC23E74-654D-479F-8EED-F419D4BCC236}.Debug|x86.ActiveCfg = Debug|Win32
		{7EC23E74-654D-479F-8EED-F419D4BCC236}.Debug|x86.Build.0 = Debug|Win32
		{7EC23E74-654D-479F-8EED-F419D4BCC236}.Release|x64.ActiveCfg = Release|x64
		{7EC23E74-654D-479F-8EED-F419D4BCC236}.Release|x64.Build.0 = Release|x64
		{7EC23E74-654D-479F-8EED-F419D4BCC236}.Release|x86.ActiveCfg = Release|Win32
		{7EC23E74-654D-479F-8EED-F419D4BCC236}.Release|x86.Build.0 = Release|Win32
	EndGlobalSection
	GlobalSection(SolutionProperties) = preSolution
		HideSolutionNode = FALSE
	EndGlobalSection
	GlobalSection(ExtensibilityGlobals) = postSolution
		SolutionGuid = {29AED1AE-A123-462B-9869-7F4CEA95CFFF}
	EndGlobalSection
EndGlobal
